
Microsoft Visual Studio Solution File, Format Version 12.00
# Visual Studio 2013
VisualStudioVersion = 12.0.21005.1
MinimumVisualStudioVersion = 10.0.40219.1
Project("{2150E333-8FDC-42A3-9474-1A3956D46DE8}") = "Exercicios Basicos", "Exercicios Basicos", "{A4A5B5C0-9E07-48D8-A9CE-4B49B0B9EC79}"
EndProject
Project("{FAE04EC0-301F-11D3-BF4B-00C04F79EFBC}") = "ExerciciosBasicos", "ExerciciosBasicos\ExerciciosBasicos.csproj", "{58C76376-5C0A-4B1A-B89B-946AEAFAFA90}"
EndProject
Global
	GlobalSection(SolutionConfigurationPlatforms) = preSolution
		Debug|Any CPU = Debug|Any CPU
		Release|Any CPU = Release|Any CPU
	EndGlobalSection
	GlobalSection(ProjectConfigurationPlatforms) = postSolution
		{58C76376-5C0A-4B1A-B89B-946AEAFAFA90}.Debug|Any CPU.ActiveCfg = Debug|Any CPU
		{58C76376-5C0A-4B1A-B89B-946AEAFAFA90}.Debug|Any CPU.Build.0 = Debug|Any CPU
		{58C76376-5C0A-4B1A-B89B-946AEAFAFA90}.Release|Any CPU.ActiveCfg = Release|Any CPU
		{58C76376-5C0A-4B1A-B89B-946AEAFAFA90}.Release|Any CPU.Build.0 = Release|Any CPU
	EndGlobalSection
	GlobalSection(SolutionProperties) = preSolution
		HideSolutionNode = FALSE
	EndGlobalSection
	GlobalSection(NestedProjects) = preSolution
		{58C76376-5C0A-4B1A-B89B-946AEAFAFA90} = {A4A5B5C0-9E07-48D8-A9CE-4B49B0B9EC79}
	EndGlobalSection
EndGlobal
